
Microsoft Visual Studio Solution File, Format Version 12.00
# Visual Studio 15
Project("{FAE04EC0-301F-11D3-BF4B-00C04F79EFBC}") = "iOSDemo", "iOSDemo\iOSDemo.csproj", "{36AB5733-7D8A-45CA-8DBD-B25C0FFB2417}"
EndProject
Global
	GlobalSection(SolutionConfigurationPlatforms) = preSolution
		Debug|iPhoneSimulator = Debug|iPhoneSimulator
		Release|iPhoneSimulator = Release|iPhoneSimulator
		Debug|iPhone = Debug|iPhone
		Release|iPhone = Release|iPhone
	EndGlobalSection
	GlobalSection(ProjectConfigurationPlatforms) = postSolution
		{36AB5733-7D8A-45CA-8DBD-B25C0FFB2417}.Debug|iPhoneSimulator.ActiveCfg = Debug|iPhoneSimulator
		{36AB5733-7D8A-45CA-8DBD-B25C0FFB2417}.Debug|iPhoneSimulator.Build.0 = Debug|iPhoneSimulator
		{36AB5733-7D8A-45CA-8DBD-B25C0FFB2417}.Release|iPhoneSimulator.ActiveCfg = Release|iPhoneSimulator
		{36AB5733-7D8A-45CA-8DBD-B25C0FFB2417}.Release|iPhoneSimulator.Build.0 = Release|iPhoneSimulator
		{36AB5733-7D8A-45CA-8DBD-B25C0FFB2417}.Debug|iPhone.ActiveCfg = Debug|iPhone
		{36AB5733-7D8A-45CA-8DBD-B25C0FFB2417}.Debug|iPhone.Build.0 = Debug|iPhone
		{36AB5733-7D8A-45CA-8DBD-B25C0FFB2417}.Release|iPhone.ActiveCfg = Release|iPhone
		{36AB5733-7D8A-45CA-8DBD-B25C0FFB2417}.Release|iPhone.Build.0 = Release|iPhone
	EndGlobalSection
EndGlobal
